
Microsoft Visual Studio Solution File, Format Version 12.00
# Visual Studio Version 16
VisualStudioVersion = 16.0.31702.278
MinimumVisualStudioVersion = 10.0.40219.1
Project("{8BC9CEB8-8B4A-11D0-8D11-00A0C91BC942}") = "SiAOD2-7-1", "SiAOD2-7-1\SiAOD2-7-1.vcxproj", "{DFC95431-9F5E-4A7D-8ED2-E10BBA7ECDCC}"
EndProject
Global
	GlobalSection(SolutionConfigurationPlatforms) = preSolution
		Debug|x64 = Debug|x64
		Debug|x86 = Debug|x86
		Release|x64 = Release|x64
		Release|x86 = Release|x86
	EndGlobalSection
	GlobalSection(ProjectConfigurationPlatforms) = postSolution
		{DFC95431-9F5E-4A7D-8ED2-E10BBA7ECDCC}.Debug|x64.ActiveCfg = Debug|x64
		{DFC95431-9F5E-4A7D-8ED2-E10BBA7ECDCC}.Debug|x64.Build.0 = Debug|x64
		{DFC95431-9F5E-4A7D-8ED2-E10BBA7ECDCC}.Debug|x86.ActiveCfg = Debug|Win32
		{DFC95431-9F5E-4A7D-8ED2-E10BBA7ECDCC}.Debug|x86.Build.0 = Debug|Win32
		{DFC95431-9F5E-4A7D-8ED2-E10BBA7ECDCC}.Release|x64.ActiveCfg = Release|x64
		{DFC95431-9F5E-4A7D-8ED2-E10BBA7ECDCC}.Release|x64.Build.0 = Release|x64
		{DFC95431-9F5E-4A7D-8ED2-E10BBA7ECDCC}.Release|x86.ActiveCfg = Release|Win32
		{DFC95431-9F5E-4A7D-8ED2-E10BBA7ECDCC}.Release|x86.Build.0 = Release|Win32
	EndGlobalSection
	GlobalSection(SolutionProperties) = preSolution
		HideSolutionNode = FALSE
	EndGlobalSection
	GlobalSection(ExtensibilityGlobals) = postSolution
		SolutionGuid = {A9404CDF-003E-4789-B477-190E8E98BD4D}
	EndGlobalSection
EndGlobal
